
Microsoft Visual Studio Solution File, Format Version 12.00
# Visual Studio Version 17
VisualStudioVersion = 17.2.32210.308
MinimumVisualStudioVersion = 15.0.26124.0
Project("{9A19103F-16F7-4668-BE54-9A1E7A4F7556}") = "Tlumach.Sample.Uno", "Tlumach.Sample.Uno\Tlumach.Sample.Uno.csproj", "{AFBA5280-5B1C-46D0-BE8D-76B6100A1529}"
EndProject
Project("{2150E333-8FDC-42A3-9474-1A3956D46DE8}") = "Solution Items", "Solution Items", "{BADA71DC-7FFD-4EDC-9F28-FB74AEADC713}"
	ProjectSection(SolutionItems) = preProject
		.vsconfig = .vsconfig
		Directory.Build.props = Directory.Build.props
		Directory.Build.targets = Directory.Build.targets
		Directory.Packages.props = Directory.Packages.props
		global.json = global.json
	EndProjectSection
EndProject
Project("{FAE04EC0-301F-11D3-BF4B-00C04F79EFBC}") = "Tlumach.Sample.Uno.Translation", "..\Tlumach.Sample.Uno.Translation\Tlumach.Sample.Uno.Translation.csproj", "{59821A45-EE82-4043-B054-BF17DD4C3185}"
EndProject
Project("{FAE04EC0-301F-11D3-BF4B-00C04F79EFBC}") = "Tlumach.Generator", "..\..\src\Tlumach.Generator\Tlumach.Generator.csproj", "{C6391046-9418-4FB5-8F3A-91051194D9A5}"
EndProject
Project("{FAE04EC0-301F-11D3-BF4B-00C04F79EFBC}") = "Tlumach.WinUI", "..\..\src\Tlumach.WinUI\Tlumach.WinUI.csproj", "{488657D9-31AB-49F6-8358-4E61CDF2DA6D}"
EndProject
Project("{FAE04EC0-301F-11D3-BF4B-00C04F79EFBC}") = "Tlumach.Base", "..\..\src\Tlumach.Base\Tlumach.Base.csproj", "{B3DA9465-D240-460D-9FF8-5B3ADD3A2AB8}"
EndProject
Project("{FAE04EC0-301F-11D3-BF4B-00C04F79EFBC}") = "Tlumach", "..\..\src\Tlumach\Tlumach.csproj", "{A0034B18-9B7E-43F7-9B9D-07D5B9DECD66}"
EndProject
Global
	GlobalSection(SolutionConfigurationPlatforms) = preSolution
		Debug|Any CPU = Debug|Any CPU
		Debug|ARM = Debug|ARM
		Debug|ARM64 = Debug|ARM64
		Debug|iPhone = Debug|iPhone
		Debug|iPhoneSimulator = Debug|iPhoneSimulator
		Debug|x64 = Debug|x64
		Debug|x86 = Debug|x86
		Release|Any CPU = Release|Any CPU
		Release|ARM = Release|ARM
		Release|ARM64 = Release|ARM64
		Release|iPhone = Release|iPhone
		Release|iPhoneSimulator = Release|iPhoneSimulator
		Release|x64 = Release|x64
		Release|x86 = Release|x86
	EndGlobalSection
	GlobalSection(ProjectConfigurationPlatforms) = postSolution
		{AFBA5280-5B1C-46D0-BE8D-76B6100A1529}.Debug|Any CPU.ActiveCfg = Debug|Any CPU
		{AFBA5280-5B1C-46D0-BE8D-76B6100A1529}.Debug|Any CPU.Build.0 = Debug|Any CPU
		{AFBA5280-5B1C-46D0-BE8D-76B6100A1529}.Debug|Any CPU.Deploy.0 = Debug|Any CPU
		{AFBA5280-5B1C-46D0-BE8D-76B6100A1529}.Debug|ARM.ActiveCfg = Debug|Any CPU
		{AFBA5280-5B1C-46D0-BE8D-76B6100A1529}.Debug|ARM.Build.0 = Debug|Any CPU
		{AFBA5280-5B1C-46D0-BE8D-76B6100A1529}.Debug|ARM.Deploy.0 = Debug|Any CPU
		{AFBA5280-5B1C-46D0-BE8D-76B6100A1529}.Debug|ARM64.ActiveCfg = Debug|Any CPU
		{AFBA5280-5B1C-46D0-BE8D-76B6100A1529}.Debug|ARM64.Build.0 = Debug|Any CPU
		{AFBA5280-5B1C-46D0-BE8D-76B6100A1529}.Debug|ARM64.Deploy.0 = Debug|Any CPU
		{AFBA5280-5B1C-46D0-BE8D-76B6100A1529}.Debug|iPhone.ActiveCfg = Debug|Any CPU
		{AFBA5280-5B1C-46D0-BE8D-76B6100A1529}.Debug|iPhone.Build.0 = Debug|Any CPU
		{AFBA5280-5B1C-46D0-BE8D-76B6100A1529}.Debug|iPhone.Deploy.0 = Debug|Any CPU
		{AFBA5280-5B1C-46D0-BE8D-76B6100A1529}.Debug|iPhoneSimulator.ActiveCfg = Debug|Any CPU
		{AFBA5280-5B1C-46D0-BE8D-76B6100A1529}.Debug|iPhoneSimulator.Build.0 = Debug|Any CPU
		{AFBA5280-5B1C-46D0-BE8D-76B6100A1529}.Debug|iPhoneSimulator.Deploy.0 = Debug|Any CPU
		{AFBA5280-5B1C-46D0-BE8D-76B6100A1529}.Debug|x64.ActiveCfg = Debug|Any CPU
		{AFBA5280-5B1C-46D0-BE8D-76B6100A1529}.Debug|x64.Build.0 = Debug|Any CPU
		{AFBA5280-5B1C-46D0-BE8D-76B6100A1529}.Debug|x64.Deploy.0 = Debug|Any CPU
		{AFBA5280-5B1C-46D0-BE8D-76B6100A1529}.Debug|x86.ActiveCfg = Debug|Any CPU
		{AFBA5280-5B1C-46D0-BE8D-76B6100A1529}.Debug|x86.Build.0 = Debug|Any CPU
		{AFBA5280-5B1C-46D0-BE8D-76B6100A1529}.Debug|x86.Deploy.0 = Debug|Any CPU
		{AFBA5280-5B1C-46D0-BE8D-76B6100A1529}.Release|Any CPU.ActiveCfg = Release|Any CPU
		{AFBA5280-5B1C-46D0-BE8D-76B6100A1529}.Release|Any CPU.Build.0 = Release|Any CPU
		{AFBA5280-5B1C-46D0-BE8D-76B6100A1529}.Release|Any CPU.Deploy.0 = Release|Any CPU
		{AFBA5280-5B1C-46D0-BE8D-76B6100A1529}.Release|ARM.ActiveCfg = Release|Any CPU
		{AFBA5280-5B1C-46D0-BE8D-76B6100A1529}.Release|ARM.Build.0 = Release|Any CPU
		{AFBA5280-5B1C-46D0-BE8D-76B6100A1529}.Release|ARM.Deploy.0 = Release|Any CPU
		{AFBA5280-5B1C-46D0-BE8D-76B6100A1529}.Release|ARM64.ActiveCfg = Release|Any CPU
		{AFBA5280-5B1C-46D0-BE8D-76B6100A1529}.Release|ARM64.Build.0 = Release|Any CPU
		{AFBA5280-5B1C-46D0-BE8D-76B6100A1529}.Release|ARM64.Deploy.0 = Release|Any CPU
		{AFBA5280-5B1C-46D0-BE8D-76B6100A1529}.Release|iPhone.ActiveCfg = Release|Any CPU
		{AFBA5280-5B1C-46D0-BE8D-76B6100A1529}.Release|iPhone.Build.0 = Release|Any CPU
		{AFBA5280-5B1C-46D0-BE8D-76B6100A1529}.Release|iPhone.Deploy.0 = Release|Any CPU
		{AFBA5280-5B1C-46D0-BE8D-76B6100A1529}.Release|iPhoneSimulator.ActiveCfg = Release|Any CPU
		{AFBA5280-5B1C-46D0-BE8D-76B6100A1529}.Release|iPhoneSimulator.Build.0 = Release|Any CPU
		{AFBA5280-5B1C-46D0-BE8D-76B6100A1529}.Release|iPhoneSimulator.Deploy.0 = Release|Any CPU
		{AFBA5280-5B1C-46D0-BE8D-76B6100A1529}.Release|x64.ActiveCfg = Release|Any CPU
		{AFBA5280-5B1C-46D0-BE8D-76B6100A1529}.Release|x64.Build.0 = Release|Any CPU
		{AFBA5280-5B1C-46D0-BE8D-76B6100A1529}.Release|x64.Deploy.0 = Release|Any CPU
		{AFBA5280-5B1C-46D0-BE8D-76B6100A1529}.Release|x86.ActiveCfg = Release|Any CPU
		{AFBA5280-5B1C-46D0-BE8D-76B6100A1529}.Release|x86.Build.0 = Release|Any CPU
		{AFBA5280-5B1C-46D0-BE8D-76B6100A1529}.Release|x86.Deploy.0 = Release|Any CPU
		{59821A45-EE82-4043-B054-BF17DD4C3185}.Debug|Any CPU.ActiveCfg = Debug|Any CPU
		{59821A45-EE82-4043-B054-BF17DD4C3185}.Debug|Any CPU.Build.0 = Debug|Any CPU
		{59821A45-EE82-4043-B054-BF17DD4C3185}.Debug|ARM.ActiveCfg = Debug|Any CPU
		{59821A45-EE82-4043-B054-BF17DD4C3185}.Debug|ARM.Build.0 = Debug|Any CPU
		{59821A45-EE82-4043-B054-BF17DD4C3185}.Debug|ARM64.ActiveCfg = Debug|Any CPU
		{59821A45-EE82-4043-B054-BF17DD4C3185}.Debug|ARM64.Build.0 = Debug|Any CPU
		{59821A45-EE82-4043-B054-BF17DD4C3185}.Debug|iPhone.ActiveCfg = Debug|Any CPU
		{59821A45-EE82-4043-B054-BF17DD4C3185}.Debug|iPhone.Build.0 = Debug|Any CPU
		{59821A45-EE82-4043-B054-BF17DD4C3185}.Debug|iPhoneSimulator.ActiveCfg = Debug|Any CPU
		{59821A45-EE82-4043-B054-BF17DD4C3185}.Debug|iPhoneSimulator.Build.0 = Debug|Any CPU
		{59821A45-EE82-4043-B054-BF17DD4C3185}.Debug|x64.ActiveCfg = Debug|Any CPU
		{59821A45-EE82-4043-B054-BF17DD4C3185}.Debug|x64.Build.0 = Debug|Any CPU
		{59821A45-EE82-4043-B054-BF17DD4C3185}.Debug|x86.ActiveCfg = Debug|Any CPU
		{59821A45-EE82-4043-B054-BF17DD4C3185}.Debug|x86.Build.0 = Debug|Any CPU
		{59821A45-EE82-4043-B054-BF17DD4C3185}.Release|Any CPU.ActiveCfg = Release|Any CPU
		{59821A45-EE82-4043-B054-BF17DD4C3185}.Release|Any CPU.Build.0 = Release|Any CPU
		{59821A45-EE82-4043-B054-BF17DD4C3185}.Release|ARM.ActiveCfg = Release|Any CPU
		{59821A45-EE82-4043-B054-BF17DD4C3185}.Release|ARM.Build.0 = Release|Any CPU
		{59821A45-EE82-4043-B054-BF17DD4C3185}.Release|ARM64.ActiveCfg = Release|Any CPU
		{59821A45-EE82-4043-B054-BF17DD4C3185}.Release|ARM64.Build.0 = Release|Any CPU
		{59821A45-EE82-4043-B054-BF17DD4C3185}.Release|iPhone.ActiveCfg = Release|Any CPU
		{59821A45-EE82-4043-B054-BF17DD4C3185}.Release|iPhone.Build.0 = Release|Any CPU
		{59821A45-EE82-4043-B054-BF17DD4C3185}.Release|iPhoneSimulator.ActiveCfg = Release|Any CPU
		{59821A45-EE82-4043-B054-BF17DD4C3185}.Release|iPhoneSimulator.Build.0 = Release|Any CPU
		{59821A45-EE82-4043-B054-BF17DD4C3185}.Release|x64.ActiveCfg = Release|Any CPU
		{59821A45-EE82-4043-B054-BF17DD4C3185}.Release|x64.Build.0 = Release|Any CPU
		{59821A45-EE82-4043-B054-BF17DD4C3185}.Release|x86.ActiveCfg = Release|Any CPU
		{59821A45-EE82-4043-B054-BF17DD4C3185}.Release|x86.Build.0 = Release|Any CPU
		{C6391046-9418-4FB5-8F3A-91051194D9A5}.Debug|Any CPU.ActiveCfg = Debug|Any CPU
		{C6391046-9418-4FB5-8F3A-91051194D9A5}.Debug|Any CPU.Build.0 = Debug|Any CPU
		{C6391046-9418-4FB5-8F3A-91051194D9A5}.Debug|ARM.ActiveCfg = Debug|Any CPU
		{C6391046-9418-4FB5-8F3A-91051194D9A5}.Debug|ARM.Build.0 = Debug|Any CPU
		{C6391046-9418-4FB5-8F3A-91051194D9A5}.Debug|ARM64.ActiveCfg = Debug|Any CPU
		{C6391046-9418-4FB5-8F3A-91051194D9A5}.Debug|ARM64.Build.0 = Debug|Any CPU
		{C6391046-9418-4FB5-8F3A-91051194D9A5}.Debug|iPhone.ActiveCfg = Debug|Any CPU
		{C6391046-9418-4FB5-8F3A-91051194D9A5}.Debug|iPhone.Build.0 = Debug|Any CPU
		{C6391046-9418-4FB5-8F3A-91051194D9A5}.Debug|iPhoneSimulator.ActiveCfg = Debug|Any CPU
		{C6391046-9418-4FB5-8F3A-91051194D9A5}.Debug|iPhoneSimulator.Build.0 = Debug|Any CPU
		{C6391046-9418-4FB5-8F3A-91051194D9A5}.Debug|x64.ActiveCfg = Debug|Any CPU
		{C6391046-9418-4FB5-8F3A-91051194D9A5}.Debug|x64.Build.0 = Debug|Any CPU
		{C6391046-9418-4FB5-8F3A-91051194D9A5}.Debug|x86.ActiveCfg = Debug|Any CPU
		{C6391046-9418-4FB5-8F3A-91051194D9A5}.Debug|x86.Build.0 = Debug|Any CPU
		{C6391046-9418-4FB5-8F3A-91051194D9A5}.Release|Any CPU.ActiveCfg = Release|Any CPU
		{C6391046-9418-4FB5-8F3A-91051194D9A5}.Release|Any CPU.Build.0 = Release|Any CPU
		{C6391046-9418-4FB5-8F3A-91051194D9A5}.Release|ARM.ActiveCfg = Release|Any CPU
		{C6391046-9418-4FB5-8F3A-91051194D9A5}.Release|ARM.Build.0 = Release|Any CPU
		{C6391046-9418-4FB5-8F3A-91051194D9A5}.Release|ARM64.ActiveCfg = Release|Any CPU
		{C6391046-9418-4FB5-8F3A-91051194D9A5}.Release|ARM64.Build.0 = Release|Any CPU
		{C6391046-9418-4FB5-8F3A-91051194D9A5}.Release|iPhone.ActiveCfg = Release|Any CPU
		{C6391046-9418-4FB5-8F3A-91051194D9A5}.Release|iPhone.Build.0 = Release|Any CPU
		{C6391046-9418-4FB5-8F3A-91051194D9A5}.Release|iPhoneSimulator.ActiveCfg = Release|Any CPU
		{C6391046-9418-4FB5-8F3A-91051194D9A5}.Release|iPhoneSimulator.Build.0 = Release|Any CPU
		{C6391046-9418-4FB5-8F3A-91051194D9A5}.Release|x64.ActiveCfg = Release|Any CPU
		{C6391046-9418-4FB5-8F3A-91051194D9A5}.Release|x64.Build.0 = Release|Any CPU
		{C6391046-9418-4FB5-8F3A-91051194D9A5}.Release|x86.ActiveCfg = Release|Any CPU
		{C6391046-9418-4FB5-8F3A-91051194D9A5}.Release|x86.Build.0 = Release|Any CPU
		{488657D9-31AB-49F6-8358-4E61CDF2DA6D}.Debug|Any CPU.ActiveCfg = Debug|Any CPU
		{488657D9-31AB-49F6-8358-4E61CDF2DA6D}.Debug|Any CPU.Build.0 = Debug|Any CPU
		{488657D9-31AB-49F6-8358-4E61CDF2DA6D}.Debug|ARM.ActiveCfg = Debug|Any CPU
		{488657D9-31AB-49F6-8358-4E61CDF2DA6D}.Debug|ARM.Build.0 = Debug|Any CPU
		{488657D9-31AB-49F6-8358-4E61CDF2DA6D}.Debug|ARM64.ActiveCfg = Debug|Any CPU
		{488657D9-31AB-49F6-8358-4E61CDF2DA6D}.Debug|ARM64.Build.0 = Debug|Any CPU
		{488657D9-31AB-49F6-8358-4E61CDF2DA6D}.Debug|iPhone.ActiveCfg = Debug|Any CPU
		{488657D9-31AB-49F6-8358-4E61CDF2DA6D}.Debug|iPhone.Build.0 = Debug|Any CPU
		{488657D9-31AB-49F6-8358-4E61CDF2DA6D}.Debug|iPhoneSimulator.ActiveCfg = Debug|Any CPU
		{488657D9-31AB-49F6-8358-4E61CDF2DA6D}.Debug|iPhoneSimulator.Build.0 = Debug|Any CPU
		{488657D9-31AB-49F6-8358-4E61CDF2DA6D}.Debug|x64.ActiveCfg = Debug|Any CPU
		{488657D9-31AB-49F6-8358-4E61CDF2DA6D}.Debug|x64.Build.0 = Debug|Any CPU
		{488657D9-31AB-49F6-8358-4E61CDF2DA6D}.Debug|x86.ActiveCfg = Debug|Any CPU
		{488657D9-31AB-49F6-8358-4E61CDF2DA6D}.Debug|x86.Build.0 = Debug|Any CPU
		{488657D9-31AB-49F6-8358-4E61CDF2DA6D}.Release|Any CPU.ActiveCfg = Release|Any CPU
		{488657D9-31AB-49F6-8358-4E61CDF2DA6D}.Release|Any CPU.Build.0 = Release|Any CPU
		{488657D9-31AB-49F6-8358-4E61CDF2DA6D}.Release|ARM.ActiveCfg = Release|Any CPU
		{488657D9-31AB-49F6-8358-4E61CDF2DA6D}.Release|ARM.Build.0 = Release|Any CPU
		{488657D9-31AB-49F6-8358-4E61CDF2DA6D}.Release|ARM64.ActiveCfg = Release|Any CPU
		{488657D9-31AB-49F6-8358-4E61CDF2DA6D}.Release|ARM64.Build.0 = Release|Any CPU
		{488657D9-31AB-49F6-8358-4E61CDF2DA6D}.Release|iPhone.ActiveCfg = Release|Any CPU
		{488657D9-31AB-49F6-8358-4E61CDF2DA6D}.Release|iPhone.Build.0 = Release|Any CPU
		{488657D9-31AB-49F6-8358-4E61CDF2DA6D}.Release|iPhoneSimulator.ActiveCfg = Release|Any CPU
		{488657D9-31AB-49F6-8358-4E61CDF2DA6D}.Release|iPhoneSimulator.Build.0 = Release|Any CPU
		{488657D9-31AB-49F6-8358-4E61CDF2DA6D}.Release|x64.ActiveCfg = Release|Any CPU
		{488657D9-31AB-49F6-8358-4E61CDF2DA6D}.Release|x64.Build.0 = Release|Any CPU
		{488657D9-31AB-49F6-8358-4E61CDF2DA6D}.Release|x86.ActiveCfg = Release|Any CPU
		{488657D9-31AB-49F6-8358-4E61CDF2DA6D}.Release|x86.Build.0 = Release|Any CPU
		{B3DA9465-D240-460D-9FF8-5B3ADD3A2AB8}.Debug|Any CPU.ActiveCfg = Debug|Any CPU
		{B3DA9465-D240-460D-9FF8-5B3ADD3A2AB8}.Debug|Any CPU.Build.0 = Debug|Any CPU
		{B3DA9465-D240-460D-9FF8-5B3ADD3A2AB8}.Debug|ARM.ActiveCfg = Debug|Any CPU
		{B3DA9465-D240-460D-9FF8-5B3ADD3A2AB8}.Debug|ARM.Build.0 = Debug|Any CPU
		{B3DA9465-D240-460D-9FF8-5B3ADD3A2AB8}.Debug|ARM64.ActiveCfg = Debug|Any CPU
		{B3DA9465-D240-460D-9FF8-5B3ADD3A2AB8}.Debug|ARM64.Build.0 = Debug|Any CPU
		{B3DA9465-D240-460D-9FF8-5B3ADD3A2AB8}.Debug|iPhone.ActiveCfg = Debug|Any CPU
		{B3DA9465-D240-460D-9FF8-5B3ADD3A2AB8}.Debug|iPhone.Build.0 = Debug|Any CPU
		{B3DA9465-D240-460D-9FF8-5B3ADD3A2AB8}.Debug|iPhoneSimulator.ActiveCfg = Debug|Any CPU
		{B3DA9465-D240-460D-9FF8-5B3ADD3A2AB8}.Debug|iPhoneSimulator.Build.0 = Debug|Any CPU
		{B3DA9465-D240-460D-9FF8-5B3ADD3A2AB8}.Debug|x64.ActiveCfg = Debug|Any CPU
		{B3DA9465-D240-460D-9FF8-5B3ADD3A2AB8}.Debug|x64.Build.0 = Debug|Any CPU
		{B3DA9465-D240-460D-9FF8-5B3ADD3A2AB8}.Debug|x86.ActiveCfg = Debug|Any CPU
		{B3DA9465-D240-460D-9FF8-5B3ADD3A2AB8}.Debug|x86.Build.0 = Debug|Any CPU
		{B3DA9465-D240-460D-9FF8-5B3ADD3A2AB8}.Release|Any CPU.ActiveCfg = Release|Any CPU
		{B3DA9465-D240-460D-9FF8-5B3ADD3A2AB8}.Release|Any CPU.Build.0 = Release|Any CPU
		{B3DA9465-D240-460D-9FF8-5B3ADD3A2AB8}.Release|ARM.ActiveCfg = Release|Any CPU
		{B3DA9465-D240-460D-9FF8-5B3ADD3A2AB8}.Release|ARM.Build.0 = Release|Any CPU
		{B3DA9465-D240-460D-9FF8-5B3ADD3A2AB8}.Release|ARM64.ActiveCfg = Release|Any CPU
		{B3DA9465-D240-460D-9FF8-5B3ADD3A2AB8}.Release|ARM64.Build.0 = Release|Any CPU
		{B3DA9465-D240-460D-9FF8-5B3ADD3A2AB8}.Release|iPhone.ActiveCfg = Release|Any CPU
		{B3DA9465-D240-460D-9FF8-5B3ADD3A2AB8}.Release|iPhone.Build.0 = Release|Any CPU
		{B3DA9465-D240-460D-9FF8-5B3ADD3A2AB8}.Release|iPhoneSimulator.ActiveCfg = Release|Any CPU
		{B3DA9465-D240-460D-9FF8-5B3ADD3A2AB8}.Release|iPhoneSimulator.Build.0 = Release|Any CPU
		{B3DA9465-D240-460D-9FF8-5B3ADD3A2AB8}.Release|x64.ActiveCfg = Release|Any CPU
		{B3DA9465-D240-460D-9FF8-5B3ADD3A2AB8}.Release|x64.Build.0 = Release|Any CPU
		{B3DA9465-D240-460D-9FF8-5B3ADD3A2AB8}.Release|x86.ActiveCfg = Release|Any CPU
		{B3DA9465-D240-460D-9FF8-5B3ADD3A2AB8}.Release|x86.Build.0 = Release|Any CPU
		{A0034B18-9B7E-43F7-9B9D-07D5B9DECD66}.Debug|Any CPU.ActiveCfg = Debug|Any CPU
		{A0034B18-9B7E-43F7-9B9D-07D5B9DECD66}.Debug|Any CPU.Build.0 = Debug|Any CPU
		{A0034B18-9B7E-43F7-9B9D-07D5B9DECD66}.Debug|ARM.ActiveCfg = Debug|Any CPU
		{A0034B18-9B7E-43F7-9B9D-07D5B9DECD66}.Debug|ARM.Build.0 = Debug|Any CPU
		{A0034B18-9B7E-43F7-9B9D-07D5B9DECD66}.Debug|ARM64.ActiveCfg = Debug|Any CPU
		{A0034B18-9B7E-43F7-9B9D-07D5B9DECD66}.Debug|ARM64.Build.0 = Debug|Any CPU
		{A0034B18-9B7E-43F7-9B9D-07D5B9DECD66}.Debug|iPhone.ActiveCfg = Debug|Any CPU
		{A0034B18-9B7E-43F7-9B9D-07D5B9DECD66}.Debug|iPhone.Build.0 = Debug|Any CPU
		{A0034B18-9B7E-43F7-9B9D-07D5B9DECD66}.Debug|iPhoneSimulator.ActiveCfg = Debug|Any CPU
		{A0034B18-9B7E-43F7-9B9D-07D5B9DECD66}.Debug|iPhoneSimulator.Build.0 = Debug|Any CPU
		{A0034B18-9B7E-43F7-9B9D-07D5B9DECD66}.Debug|x64.ActiveCfg = Debug|Any CPU
		{A0034B18-9B7E-43F7-9B9D-07D5B9DECD66}.Debug|x64.Build.0 = Debug|Any CPU
		{A0034B18-9B7E-43F7-9B9D-07D5B9DECD66}.Debug|x86.ActiveCfg = Debug|Any CPU
		{A0034B18-9B7E-43F7-9B9D-07D5B9DECD66}.Debug|x86.Build.0 = Debug|Any CPU
		{A0034B18-9B7E-43F7-9B9D-07D5B9DECD66}.Release|Any CPU.ActiveCfg = Release|Any CPU
		{A0034B18-9B7E-43F7-9B9D-07D5B9DECD66}.Release|Any CPU.Build.0 = Release|Any CPU
		{A0034B18-9B7E-43F7-9B9D-07D5B9DECD66}.Release|ARM.ActiveCfg = Release|Any CPU
		{A0034B18-9B7E-43F7-9B9D-07D5B9DECD66}.Release|ARM.Build.0 = Release|Any CPU
		{A0034B18-9B7E-43F7-9B9D-07D5B9DECD66}.Release|ARM64.ActiveCfg = Release|Any CPU
		{A0034B18-9B7E-43F7-9B9D-07D5B9DECD66}.Release|ARM64.Build.0 = Release|Any CPU
		{A0034B18-9B7E-43F7-9B9D-07D5B9DECD66}.Release|iPhone.ActiveCfg = Release|Any CPU
		{A0034B18-9B7E-43F7-9B9D-07D5B9DECD66}.Release|iPhone.Build.0 = Release|Any CPU
		{A0034B18-9B7E-43F7-9B9D-07D5B9DECD66}.Release|iPhoneSimulator.ActiveCfg = Release|Any CPU
		{A0034B18-9B7E-43F7-9B9D-07D5B9DECD66}.Release|iPhoneSimulator.Build.0 = Release|Any CPU
		{A0034B18-9B7E-43F7-9B9D-07D5B9DECD66}.Release|x64.ActiveCfg = Release|Any CPU
		{A0034B18-9B7E-43F7-9B9D-07D5B9DECD66}.Release|x64.Build.0 = Release|Any CPU
		{A0034B18-9B7E-43F7-9B9D-07D5B9DECD66}.Release|x86.ActiveCfg = Release|Any CPU
		{A0034B18-9B7E-43F7-9B9D-07D5B9DECD66}.Release|x86.Build.0 = Release|Any CPU
	EndGlobalSection
	GlobalSection(SolutionProperties) = preSolution
		HideSolutionNode = FALSE
	EndGlobalSection
	GlobalSection(ExtensibilityGlobals) = postSolution
		SolutionGuid = {2A3F0191-A929-4969-B059-7C4A32B4753D}
	EndGlobalSection
EndGlobal
