
Microsoft Visual Studio Solution File, Format Version 12.00
# Visual Studio Version 18
VisualStudioVersion = 18.0.11205.157
MinimumVisualStudioVersion = 10.0.40219.1
Project("{FAE04EC0-301F-11D3-BF4B-00C04F79EFBC}") = "Tlumach.Base", "..\src\Tlumach.Base\Tlumach.Base.csproj", "{C23F5B00-B433-413A-A8B1-5E04218CE810}"
EndProject
Project("{FAE04EC0-301F-11D3-BF4B-00C04F79EFBC}") = "Tlumach", "..\src\Tlumach\Tlumach.csproj", "{D28F89BE-2BCE-407E-94F6-3A24D9E8EA3D}"
EndProject
Project("{FAE04EC0-301F-11D3-BF4B-00C04F79EFBC}") = "Tlumach.Generator", "..\src\Tlumach.Generator\Tlumach.Generator.csproj", "{929CA0B9-000F-4B19-8166-C19FF9884AF7}"
EndProject
Project("{FAE04EC0-301F-11D3-BF4B-00C04F79EFBC}") = "Tlumach.Tests", "Tlumach.Tests\Tlumach.Tests.csproj", "{F88396A1-6E68-4BE3-8018-FFBC0EB5562B}"
EndProject
Project("{FAE04EC0-301F-11D3-BF4B-00C04F79EFBC}") = "Tlumach.GeneratorTests", "Tlumach.GeneratorTests\Tlumach.GeneratorTests.csproj", "{33B30A1F-B317-48AF-A1B1-7907C5E6F21A}"
EndProject
Project("{FAE04EC0-301F-11D3-BF4B-00C04F79EFBC}") = "Tlumach.Writers", "..\src\Tlumach.Writers\Tlumach.Writers.csproj", "{A935DFD8-01A6-DB00-E3FE-847CF4A5F391}"
EndProject
Project("{FAE04EC0-301F-11D3-BF4B-00C04F79EFBC}") = "Tlumach.WriterTests", "Tlumach.WriterTests\Tlumach.WriterTests.csproj", "{B5431E71-8B95-4E84-91F1-C7C27CA08F98}"
EndProject
Project("{FAE04EC0-301F-11D3-BF4B-00C04F79EFBC}") = "Tlumach.DataAnnotations", "..\src\Tlumach.DataAnnotations\Tlumach.DataAnnotations.csproj", "{7B1F0C4E-25D8-4A6B-9E70-3C6D5B1A8F42}"
EndProject
Project("{FAE04EC0-301F-11D3-BF4B-00C04F79EFBC}") = "Tlumach.Extensions.Localization", "..\src\Tlumach.Extensions.Localization\Tlumach.Extensions.Localization.csproj", "{389B89DD-A671-4E0A-975B-BA6957A3AB58}"
EndProject
Project("{FAE04EC0-301F-11D3-BF4B-00C04F79EFBC}") = "Tlumach.Blazor", "..\src\Tlumach.Blazor\Tlumach.Blazor.csproj", "{D9680377-5752-427A-9B52-5EF9785CCD38}"
EndProject
Project("{FAE04EC0-301F-11D3-BF4B-00C04F79EFBC}") = "Tlumach.AspNetCore", "..\src\Tlumach.AspNetCore\Tlumach.AspNetCore.csproj", "{F220FD2F-73C2-4D91-BC02-FB79642359CC}"
EndProject
Project("{FAE04EC0-301F-11D3-BF4B-00C04F79EFBC}") = "Tlumach.BlazorTests", "Tlumach.BlazorTests\Tlumach.BlazorTests.csproj", "{475CAEAD-76F9-44DC-BE9E-177850920344}"
EndProject
Project("{FAE04EC0-301F-11D3-BF4B-00C04F79EFBC}") = "Tlumach.FluentValidation", "..\src\Tlumach.FluentValidation\Tlumach.FluentValidation.csproj", "{70F436A8-9C73-4EC2-B2B0-E582906657EA}"
EndProject
Project("{FAE04EC0-301F-11D3-BF4B-00C04F79EFBC}") = "Tlumach.Scriban", "..\src\Tlumach.Scriban\Tlumach.Scriban.csproj", "{28480803-403B-496F-8B3D-36DF78631BBA}"
EndProject
Project("{FAE04EC0-301F-11D3-BF4B-00C04F79EFBC}") = "Tlumach.Fluid", "..\src\Tlumach.Fluid\Tlumach.Fluid.csproj", "{3DDF4CE5-9EDE-4767-B77A-F0C1BBA25AC7}"
EndProject
Project("{FAE04EC0-301F-11D3-BF4B-00C04F79EFBC}") = "Tlumach.HandlebarsNet", "..\src\Tlumach.HandlebarsNet\Tlumach.HandlebarsNet.csproj", "{200808C5-149D-4799-8490-23CFD20C1CAF}"
EndProject
Project("{FAE04EC0-301F-11D3-BF4B-00C04F79EFBC}") = "Tlumach.FluentValidationTests", "Tlumach.FluentValidationTests\Tlumach.FluentValidationTests.csproj", "{FED71610-22DB-4746-8221-BEE9DA2D9F54}"
EndProject
Project("{FAE04EC0-301F-11D3-BF4B-00C04F79EFBC}") = "Tlumach.TemplateEngineTests", "Tlumach.TemplateEngineTests\Tlumach.TemplateEngineTests.csproj", "{F1F377AA-34F8-49F1-9FCE-78F799BBBF74}"
EndProject
Project("{FAE04EC0-301F-11D3-BF4B-00C04F79EFBC}") = "Tlumach.MvcTests", "Tlumach.MvcTests\Tlumach.MvcTests.csproj", "{3F5A8C4D-1BDE-4A4E-8963-BADF2F76BE41}"
EndProject
Project("{FAE04EC0-301F-11D3-BF4B-00C04F79EFBC}") = "Tlumach.Web", "..\src\Tlumach.Web\Tlumach.Web.csproj", "{1E734018-76D3-4C1B-85AF-8A72E0793C7E}"
EndProject
Project("{FAE04EC0-301F-11D3-BF4B-00C04F79EFBC}") = "Tlumach.RazorPagesTests", "Tlumach.RazorPagesTests\Tlumach.RazorPagesTests.csproj", "{3845D0A8-B97C-41A4-9BE9-1B7F10359356}"
EndProject
Project("{FAE04EC0-301F-11D3-BF4B-00C04F79EFBC}") = "Tlumach.AspNetCore.Mvc", "..\src\Tlumach.AspNetCore.Mvc\Tlumach.AspNetCore.Mvc.csproj", "{75EE8893-7799-4CDA-9E51-F53D4BAAAA2E}"
EndProject
Global
	GlobalSection(SolutionConfigurationPlatforms) = preSolution
		Debug|Any CPU = Debug|Any CPU
		Release|Any CPU = Release|Any CPU
	EndGlobalSection
	GlobalSection(ProjectConfigurationPlatforms) = postSolution
		{C23F5B00-B433-413A-A8B1-5E04218CE810}.Debug|Any CPU.ActiveCfg = Debug|Any CPU
		{C23F5B00-B433-413A-A8B1-5E04218CE810}.Debug|Any CPU.Build.0 = Debug|Any CPU
		{C23F5B00-B433-413A-A8B1-5E04218CE810}.Release|Any CPU.ActiveCfg = Release|Any CPU
		{C23F5B00-B433-413A-A8B1-5E04218CE810}.Release|Any CPU.Build.0 = Release|Any CPU
		{D28F89BE-2BCE-407E-94F6-3A24D9E8EA3D}.Debug|Any CPU.ActiveCfg = Debug|Any CPU
		{D28F89BE-2BCE-407E-94F6-3A24D9E8EA3D}.Debug|Any CPU.Build.0 = Debug|Any CPU
		{D28F89BE-2BCE-407E-94F6-3A24D9E8EA3D}.Release|Any CPU.ActiveCfg = Release|Any CPU
		{D28F89BE-2BCE-407E-94F6-3A24D9E8EA3D}.Release|Any CPU.Build.0 = Release|Any CPU
		{929CA0B9-000F-4B19-8166-C19FF9884AF7}.Debug|Any CPU.ActiveCfg = Debug|Any CPU
		{929CA0B9-000F-4B19-8166-C19FF9884AF7}.Debug|Any CPU.Build.0 = Debug|Any CPU
		{929CA0B9-000F-4B19-8166-C19FF9884AF7}.Release|Any CPU.ActiveCfg = Release|Any CPU
		{929CA0B9-000F-4B19-8166-C19FF9884AF7}.Release|Any CPU.Build.0 = Release|Any CPU
		{F88396A1-6E68-4BE3-8018-FFBC0EB5562B}.Debug|Any CPU.ActiveCfg = Debug|Any CPU
		{F88396A1-6E68-4BE3-8018-FFBC0EB5562B}.Debug|Any CPU.Build.0 = Debug|Any CPU
		{F88396A1-6E68-4BE3-8018-FFBC0EB5562B}.Release|Any CPU.ActiveCfg = Release|Any CPU
		{F88396A1-6E68-4BE3-8018-FFBC0EB5562B}.Release|Any CPU.Build.0 = Release|Any CPU
		{33B30A1F-B317-48AF-A1B1-7907C5E6F21A}.Debug|Any CPU.ActiveCfg = Debug|Any CPU
		{33B30A1F-B317-48AF-A1B1-7907C5E6F21A}.Debug|Any CPU.Build.0 = Debug|Any CPU
		{33B30A1F-B317-48AF-A1B1-7907C5E6F21A}.Release|Any CPU.ActiveCfg = Release|Any CPU
		{33B30A1F-B317-48AF-A1B1-7907C5E6F21A}.Release|Any CPU.Build.0 = Release|Any CPU
		{A935DFD8-01A6-DB00-E3FE-847CF4A5F391}.Debug|Any CPU.ActiveCfg = Debug|Any CPU
		{A935DFD8-01A6-DB00-E3FE-847CF4A5F391}.Debug|Any CPU.Build.0 = Debug|Any CPU
		{A935DFD8-01A6-DB00-E3FE-847CF4A5F391}.Release|Any CPU.ActiveCfg = Release|Any CPU
		{A935DFD8-01A6-DB00-E3FE-847CF4A5F391}.Release|Any CPU.Build.0 = Release|Any CPU
		{B5431E71-8B95-4E84-91F1-C7C27CA08F98}.Debug|Any CPU.ActiveCfg = Debug|Any CPU
		{B5431E71-8B95-4E84-91F1-C7C27CA08F98}.Debug|Any CPU.Build.0 = Debug|Any CPU
		{B5431E71-8B95-4E84-91F1-C7C27CA08F98}.Release|Any CPU.ActiveCfg = Release|Any CPU
		{B5431E71-8B95-4E84-91F1-C7C27CA08F98}.Release|Any CPU.Build.0 = Release|Any CPU
		{7B1F0C4E-25D8-4A6B-9E70-3C6D5B1A8F42}.Debug|Any CPU.ActiveCfg = Debug|Any CPU
		{7B1F0C4E-25D8-4A6B-9E70-3C6D5B1A8F42}.Debug|Any CPU.Build.0 = Debug|Any CPU
		{7B1F0C4E-25D8-4A6B-9E70-3C6D5B1A8F42}.Release|Any CPU.ActiveCfg = Release|Any CPU
		{7B1F0C4E-25D8-4A6B-9E70-3C6D5B1A8F42}.Release|Any CPU.Build.0 = Release|Any CPU
		{389B89DD-A671-4E0A-975B-BA6957A3AB58}.Debug|Any CPU.ActiveCfg = Debug|Any CPU
		{389B89DD-A671-4E0A-975B-BA6957A3AB58}.Debug|Any CPU.Build.0 = Debug|Any CPU
		{389B89DD-A671-4E0A-975B-BA6957A3AB58}.Release|Any CPU.ActiveCfg = Release|Any CPU
		{389B89DD-A671-4E0A-975B-BA6957A3AB58}.Release|Any CPU.Build.0 = Release|Any CPU
		{D9680377-5752-427A-9B52-5EF9785CCD38}.Debug|Any CPU.ActiveCfg = Debug|Any CPU
		{D9680377-5752-427A-9B52-5EF9785CCD38}.Debug|Any CPU.Build.0 = Debug|Any CPU
		{D9680377-5752-427A-9B52-5EF9785CCD38}.Release|Any CPU.ActiveCfg = Release|Any CPU
		{D9680377-5752-427A-9B52-5EF9785CCD38}.Release|Any CPU.Build.0 = Release|Any CPU
		{F220FD2F-73C2-4D91-BC02-FB79642359CC}.Debug|Any CPU.ActiveCfg = Debug|Any CPU
		{F220FD2F-73C2-4D91-BC02-FB79642359CC}.Debug|Any CPU.Build.0 = Debug|Any CPU
		{F220FD2F-73C2-4D91-BC02-FB79642359CC}.Release|Any CPU.ActiveCfg = Release|Any CPU
		{F220FD2F-73C2-4D91-BC02-FB79642359CC}.Release|Any CPU.Build.0 = Release|Any CPU
		{475CAEAD-76F9-44DC-BE9E-177850920344}.Debug|Any CPU.ActiveCfg = Debug|Any CPU
		{475CAEAD-76F9-44DC-BE9E-177850920344}.Debug|Any CPU.Build.0 = Debug|Any CPU
		{475CAEAD-76F9-44DC-BE9E-177850920344}.Release|Any CPU.ActiveCfg = Release|Any CPU
		{475CAEAD-76F9-44DC-BE9E-177850920344}.Release|Any CPU.Build.0 = Release|Any CPU
		{70F436A8-9C73-4EC2-B2B0-E582906657EA}.Debug|Any CPU.ActiveCfg = Debug|Any CPU
		{70F436A8-9C73-4EC2-B2B0-E582906657EA}.Debug|Any CPU.Build.0 = Debug|Any CPU
		{70F436A8-9C73-4EC2-B2B0-E582906657EA}.Release|Any CPU.ActiveCfg = Release|Any CPU
		{70F436A8-9C73-4EC2-B2B0-E582906657EA}.Release|Any CPU.Build.0 = Release|Any CPU
		{28480803-403B-496F-8B3D-36DF78631BBA}.Debug|Any CPU.ActiveCfg = Debug|Any CPU
		{28480803-403B-496F-8B3D-36DF78631BBA}.Debug|Any CPU.Build.0 = Debug|Any CPU
		{28480803-403B-496F-8B3D-36DF78631BBA}.Release|Any CPU.ActiveCfg = Release|Any CPU
		{28480803-403B-496F-8B3D-36DF78631BBA}.Release|Any CPU.Build.0 = Release|Any CPU
		{3DDF4CE5-9EDE-4767-B77A-F0C1BBA25AC7}.Debug|Any CPU.ActiveCfg = Debug|Any CPU
		{3DDF4CE5-9EDE-4767-B77A-F0C1BBA25AC7}.Debug|Any CPU.Build.0 = Debug|Any CPU
		{3DDF4CE5-9EDE-4767-B77A-F0C1BBA25AC7}.Release|Any CPU.ActiveCfg = Release|Any CPU
		{3DDF4CE5-9EDE-4767-B77A-F0C1BBA25AC7}.Release|Any CPU.Build.0 = Release|Any CPU
		{200808C5-149D-4799-8490-23CFD20C1CAF}.Debug|Any CPU.ActiveCfg = Debug|Any CPU
		{200808C5-149D-4799-8490-23CFD20C1CAF}.Debug|Any CPU.Build.0 = Debug|Any CPU
		{200808C5-149D-4799-8490-23CFD20C1CAF}.Release|Any CPU.ActiveCfg = Release|Any CPU
		{200808C5-149D-4799-8490-23CFD20C1CAF}.Release|Any CPU.Build.0 = Release|Any CPU
		{FED71610-22DB-4746-8221-BEE9DA2D9F54}.Debug|Any CPU.ActiveCfg = Debug|Any CPU
		{FED71610-22DB-4746-8221-BEE9DA2D9F54}.Debug|Any CPU.Build.0 = Debug|Any CPU
		{FED71610-22DB-4746-8221-BEE9DA2D9F54}.Release|Any CPU.ActiveCfg = Release|Any CPU
		{FED71610-22DB-4746-8221-BEE9DA2D9F54}.Release|Any CPU.Build.0 = Release|Any CPU
		{F1F377AA-34F8-49F1-9FCE-78F799BBBF74}.Debug|Any CPU.ActiveCfg = Debug|Any CPU
		{F1F377AA-34F8-49F1-9FCE-78F799BBBF74}.Debug|Any CPU.Build.0 = Debug|Any CPU
		{F1F377AA-34F8-49F1-9FCE-78F799BBBF74}.Release|Any CPU.ActiveCfg = Release|Any CPU
		{F1F377AA-34F8-49F1-9FCE-78F799BBBF74}.Release|Any CPU.Build.0 = Release|Any CPU
		{3F5A8C4D-1BDE-4A4E-8963-BADF2F76BE41}.Debug|Any CPU.ActiveCfg = Debug|Any CPU
		{3F5A8C4D-1BDE-4A4E-8963-BADF2F76BE41}.Debug|Any CPU.Build.0 = Debug|Any CPU
		{3F5A8C4D-1BDE-4A4E-8963-BADF2F76BE41}.Release|Any CPU.ActiveCfg = Release|Any CPU
		{3F5A8C4D-1BDE-4A4E-8963-BADF2F76BE41}.Release|Any CPU.Build.0 = Release|Any CPU
		{1E734018-76D3-4C1B-85AF-8A72E0793C7E}.Debug|Any CPU.ActiveCfg = Debug|Any CPU
		{1E734018-76D3-4C1B-85AF-8A72E0793C7E}.Debug|Any CPU.Build.0 = Debug|Any CPU
		{1E734018-76D3-4C1B-85AF-8A72E0793C7E}.Release|Any CPU.ActiveCfg = Release|Any CPU
		{1E734018-76D3-4C1B-85AF-8A72E0793C7E}.Release|Any CPU.Build.0 = Release|Any CPU
		{3845D0A8-B97C-41A4-9BE9-1B7F10359356}.Debug|Any CPU.ActiveCfg = Debug|Any CPU
		{3845D0A8-B97C-41A4-9BE9-1B7F10359356}.Debug|Any CPU.Build.0 = Debug|Any CPU
		{3845D0A8-B97C-41A4-9BE9-1B7F10359356}.Release|Any CPU.ActiveCfg = Release|Any CPU
		{3845D0A8-B97C-41A4-9BE9-1B7F10359356}.Release|Any CPU.Build.0 = Release|Any CPU
		{75EE8893-7799-4CDA-9E51-F53D4BAAAA2E}.Debug|Any CPU.ActiveCfg = Debug|Any CPU
		{75EE8893-7799-4CDA-9E51-F53D4BAAAA2E}.Debug|Any CPU.Build.0 = Debug|Any CPU
		{75EE8893-7799-4CDA-9E51-F53D4BAAAA2E}.Release|Any CPU.ActiveCfg = Release|Any CPU
		{75EE8893-7799-4CDA-9E51-F53D4BAAAA2E}.Release|Any CPU.Build.0 = Release|Any CPU
	EndGlobalSection
	GlobalSection(SolutionProperties) = preSolution
		HideSolutionNode = FALSE
	EndGlobalSection
	GlobalSection(ExtensibilityGlobals) = postSolution
		SolutionGuid = {AA3A6558-7AE2-4AFF-9F86-62D942CBFF87}
	EndGlobalSection
EndGlobal
