<Solution>
  <Project Path="../../src/Tlumach.Base/Tlumach.Base.csproj" />
  <Project Path="../../src/Tlumach.FluentValidation/Tlumach.FluentValidation.csproj" />
  <Project Path="../../src/Tlumach.Generator/Tlumach.Generator.csproj" />
  <Project Path="../../src/Tlumach/Tlumach.csproj" />
  <Project Path="Tlumach.Sample.FluentValidation.csproj" />
</Solution>
