
Microsoft Visual Studio Solution File, Format Version 12.00
# Visual Studio Version 18
VisualStudioVersion = 18.0.11205.157
MinimumVisualStudioVersion = 10.0.40219.1
Project("{FAE04EC0-301F-11D3-BF4B-00C04F79EFBC}") = "Tlumach.Base", "Tlumach.Base\Tlumach.Base.csproj", "{C23F5B00-B433-413A-A8B1-5E04218CE810}"
EndProject
Project("{FAE04EC0-301F-11D3-BF4B-00C04F79EFBC}") = "Tlumach", "Tlumach\Tlumach.csproj", "{D28F89BE-2BCE-407E-94F6-3A24D9E8EA3D}"
EndProject
Project("{FAE04EC0-301F-11D3-BF4B-00C04F79EFBC}") = "Tlumach.Generator", "Tlumach.Generator\Tlumach.Generator.csproj", "{C91C25CE-D0D4-60FE-8234-18FC07CCB744}"
EndProject
Project("{FAE04EC0-301F-11D3-BF4B-00C04F79EFBC}") = "Tlumach.Blazor", "Tlumach.Blazor\Tlumach.Blazor.csproj", "{AAA7444E-38C7-48F5-B1AC-53B1D61F799F}"
EndProject
Project("{FAE04EC0-301F-11D3-BF4B-00C04F79EFBC}") = "Tlumach.Extensions.Localization", "Tlumach.Extensions.Localization\Tlumach.Extensions.Localization.csproj", "{1198C9FF-A542-4C0A-99E9-BDF48F080AB7}"
EndProject
Project("{FAE04EC0-301F-11D3-BF4B-00C04F79EFBC}") = "Tlumach.AspNetCore", "Tlumach.AspNetCore\Tlumach.AspNetCore.csproj", "{936BF7A2-B6FF-459B-AB5B-76A6CB8FFF8E}"
EndProject
Project("{FAE04EC0-301F-11D3-BF4B-00C04F79EFBC}") = "Tlumach.FluentValidation", "Tlumach.FluentValidation\Tlumach.FluentValidation.csproj", "{D98F96CB-30A3-43F4-AE6F-66A2EB570547}"
EndProject
Project("{FAE04EC0-301F-11D3-BF4B-00C04F79EFBC}") = "Tlumach.Scriban", "Tlumach.Scriban\Tlumach.Scriban.csproj", "{3F912D1F-0E46-45B2-BD10-D36923F1C083}"
EndProject
Project("{FAE04EC0-301F-11D3-BF4B-00C04F79EFBC}") = "Tlumach.Fluid", "Tlumach.Fluid\Tlumach.Fluid.csproj", "{725BD0F2-B9D9-4A0C-848E-BF20842B332F}"
EndProject
Project("{FAE04EC0-301F-11D3-BF4B-00C04F79EFBC}") = "Tlumach.HandlebarsNet", "Tlumach.HandlebarsNet\Tlumach.HandlebarsNet.csproj", "{F6610BE9-F290-4B3D-BB6A-F1C57FB55065}"
EndProject
Project("{FAE04EC0-301F-11D3-BF4B-00C04F79EFBC}") = "Tlumach.Web", "Tlumach.Web\Tlumach.Web.csproj", "{9BADA082-4A3D-4CC0-B07D-D9A50527ADDA}"
EndProject
Project("{FAE04EC0-301F-11D3-BF4B-00C04F79EFBC}") = "Tlumach.AspNetCore.Mvc", "Tlumach.AspNetCore.Mvc\Tlumach.AspNetCore.Mvc.csproj", "{29C870DC-6453-4746-BEFD-4C3F5A14DF93}"
EndProject
Project("{FAE04EC0-301F-11D3-BF4B-00C04F79EFBC}") = "Tlumach.MudBlazor", "Tlumach.MudBlazor\Tlumach.MudBlazor.csproj", "{F0C31ADC-4C89-4E06-8727-9ADE6940A9A1}"
EndProject
Global
	GlobalSection(SolutionConfigurationPlatforms) = preSolution
		Debug|Any CPU = Debug|Any CPU
		Release|Any CPU = Release|Any CPU
	EndGlobalSection
	GlobalSection(ProjectConfigurationPlatforms) = postSolution
		{C23F5B00-B433-413A-A8B1-5E04218CE810}.Debug|Any CPU.ActiveCfg = Debug|Any CPU
		{C23F5B00-B433-413A-A8B1-5E04218CE810}.Debug|Any CPU.Build.0 = Debug|Any CPU
		{C23F5B00-B433-413A-A8B1-5E04218CE810}.Release|Any CPU.ActiveCfg = Release|Any CPU
		{C23F5B00-B433-413A-A8B1-5E04218CE810}.Release|Any CPU.Build.0 = Release|Any CPU
		{D28F89BE-2BCE-407E-94F6-3A24D9E8EA3D}.Debug|Any CPU.ActiveCfg = Debug|Any CPU
		{D28F89BE-2BCE-407E-94F6-3A24D9E8EA3D}.Debug|Any CPU.Build.0 = Debug|Any CPU
		{D28F89BE-2BCE-407E-94F6-3A24D9E8EA3D}.Release|Any CPU.ActiveCfg = Release|Any CPU
		{D28F89BE-2BCE-407E-94F6-3A24D9E8EA3D}.Release|Any CPU.Build.0 = Release|Any CPU
		{C91C25CE-D0D4-60FE-8234-18FC07CCB744}.Debug|Any CPU.ActiveCfg = Debug|Any CPU
		{C91C25CE-D0D4-60FE-8234-18FC07CCB744}.Debug|Any CPU.Build.0 = Debug|Any CPU
		{C91C25CE-D0D4-60FE-8234-18FC07CCB744}.Release|Any CPU.ActiveCfg = Release|Any CPU
		{C91C25CE-D0D4-60FE-8234-18FC07CCB744}.Release|Any CPU.Build.0 = Release|Any CPU
		{AAA7444E-38C7-48F5-B1AC-53B1D61F799F}.Debug|Any CPU.ActiveCfg = Debug|Any CPU
		{AAA7444E-38C7-48F5-B1AC-53B1D61F799F}.Debug|Any CPU.Build.0 = Debug|Any CPU
		{AAA7444E-38C7-48F5-B1AC-53B1D61F799F}.Release|Any CPU.ActiveCfg = Release|Any CPU
		{AAA7444E-38C7-48F5-B1AC-53B1D61F799F}.Release|Any CPU.Build.0 = Release|Any CPU
		{1198C9FF-A542-4C0A-99E9-BDF48F080AB7}.Debug|Any CPU.ActiveCfg = Debug|Any CPU
		{1198C9FF-A542-4C0A-99E9-BDF48F080AB7}.Debug|Any CPU.Build.0 = Debug|Any CPU
		{1198C9FF-A542-4C0A-99E9-BDF48F080AB7}.Release|Any CPU.ActiveCfg = Release|Any CPU
		{1198C9FF-A542-4C0A-99E9-BDF48F080AB7}.Release|Any CPU.Build.0 = Release|Any CPU
		{936BF7A2-B6FF-459B-AB5B-76A6CB8FFF8E}.Debug|Any CPU.ActiveCfg = Debug|Any CPU
		{936BF7A2-B6FF-459B-AB5B-76A6CB8FFF8E}.Debug|Any CPU.Build.0 = Debug|Any CPU
		{936BF7A2-B6FF-459B-AB5B-76A6CB8FFF8E}.Release|Any CPU.ActiveCfg = Release|Any CPU
		{936BF7A2-B6FF-459B-AB5B-76A6CB8FFF8E}.Release|Any CPU.Build.0 = Release|Any CPU
		{D98F96CB-30A3-43F4-AE6F-66A2EB570547}.Debug|Any CPU.ActiveCfg = Debug|Any CPU
		{D98F96CB-30A3-43F4-AE6F-66A2EB570547}.Debug|Any CPU.Build.0 = Debug|Any CPU
		{D98F96CB-30A3-43F4-AE6F-66A2EB570547}.Release|Any CPU.ActiveCfg = Release|Any CPU
		{D98F96CB-30A3-43F4-AE6F-66A2EB570547}.Release|Any CPU.Build.0 = Release|Any CPU
		{3F912D1F-0E46-45B2-BD10-D36923F1C083}.Debug|Any CPU.ActiveCfg = Debug|Any CPU
		{3F912D1F-0E46-45B2-BD10-D36923F1C083}.Debug|Any CPU.Build.0 = Debug|Any CPU
		{3F912D1F-0E46-45B2-BD10-D36923F1C083}.Release|Any CPU.ActiveCfg = Release|Any CPU
		{3F912D1F-0E46-45B2-BD10-D36923F1C083}.Release|Any CPU.Build.0 = Release|Any CPU
		{725BD0F2-B9D9-4A0C-848E-BF20842B332F}.Debug|Any CPU.ActiveCfg = Debug|Any CPU
		{725BD0F2-B9D9-4A0C-848E-BF20842B332F}.Debug|Any CPU.Build.0 = Debug|Any CPU
		{725BD0F2-B9D9-4A0C-848E-BF20842B332F}.Release|Any CPU.ActiveCfg = Release|Any CPU
		{725BD0F2-B9D9-4A0C-848E-BF20842B332F}.Release|Any CPU.Build.0 = Release|Any CPU
		{F6610BE9-F290-4B3D-BB6A-F1C57FB55065}.Debug|Any CPU.ActiveCfg = Debug|Any CPU
		{F6610BE9-F290-4B3D-BB6A-F1C57FB55065}.Debug|Any CPU.Build.0 = Debug|Any CPU
		{F6610BE9-F290-4B3D-BB6A-F1C57FB55065}.Release|Any CPU.ActiveCfg = Release|Any CPU
		{F6610BE9-F290-4B3D-BB6A-F1C57FB55065}.Release|Any CPU.Build.0 = Release|Any CPU
		{9BADA082-4A3D-4CC0-B07D-D9A50527ADDA}.Debug|Any CPU.ActiveCfg = Debug|Any CPU
		{9BADA082-4A3D-4CC0-B07D-D9A50527ADDA}.Debug|Any CPU.Build.0 = Debug|Any CPU
		{9BADA082-4A3D-4CC0-B07D-D9A50527ADDA}.Release|Any CPU.ActiveCfg = Release|Any CPU
		{9BADA082-4A3D-4CC0-B07D-D9A50527ADDA}.Release|Any CPU.Build.0 = Release|Any CPU
		{29C870DC-6453-4746-BEFD-4C3F5A14DF93}.Debug|Any CPU.ActiveCfg = Debug|Any CPU
		{29C870DC-6453-4746-BEFD-4C3F5A14DF93}.Debug|Any CPU.Build.0 = Debug|Any CPU
		{29C870DC-6453-4746-BEFD-4C3F5A14DF93}.Release|Any CPU.ActiveCfg = Release|Any CPU
		{29C870DC-6453-4746-BEFD-4C3F5A14DF93}.Release|Any CPU.Build.0 = Release|Any CPU
		{F0C31ADC-4C89-4E06-8727-9ADE6940A9A1}.Debug|Any CPU.ActiveCfg = Debug|Any CPU
		{F0C31ADC-4C89-4E06-8727-9ADE6940A9A1}.Debug|Any CPU.Build.0 = Debug|Any CPU
		{F0C31ADC-4C89-4E06-8727-9ADE6940A9A1}.Release|Any CPU.ActiveCfg = Release|Any CPU
		{F0C31ADC-4C89-4E06-8727-9ADE6940A9A1}.Release|Any CPU.Build.0 = Release|Any CPU
	EndGlobalSection
	GlobalSection(SolutionProperties) = preSolution
		HideSolutionNode = FALSE
	EndGlobalSection
	GlobalSection(ExtensibilityGlobals) = postSolution
		SolutionGuid = {AA3A6558-7AE2-4AFF-9F86-62D942CBFF87}
	EndGlobalSection
EndGlobal
