
Microsoft Visual Studio Solution File, Format Version 12.00
# Visual Studio Version 18
VisualStudioVersion = 18.0.11205.157
MinimumVisualStudioVersion = 10.0.40219.1
Project("{FAE04EC0-301F-11D3-BF4B-00C04F79EFBC}") = "Tlumach.Base", "Tlumach.Base\Tlumach.Base.csproj", "{C23F5B00-B433-413A-A8B1-5E04218CE810}"
EndProject
Project("{FAE04EC0-301F-11D3-BF4B-00C04F79EFBC}") = "Tlumach", "Tlumach\Tlumach.csproj", "{D28F89BE-2BCE-407E-94F6-3A24D9E8EA3D}"
EndProject
Project("{FAE04EC0-301F-11D3-BF4B-00C04F79EFBC}") = "Tlumach.Generator", "Tlumach.Generator\Tlumach.Generator.csproj", "{C91C25CE-D0D4-60FE-8234-18FC07CCB744}"
EndProject
Project("{FAE04EC0-301F-11D3-BF4B-00C04F79EFBC}") = "Tlumach.Blazor", "Tlumach.Blazor\Tlumach.Blazor.csproj", "{AAA7444E-38C7-48F5-B1AC-53B1D61F799F}"
EndProject
Project("{FAE04EC0-301F-11D3-BF4B-00C04F79EFBC}") = "Tlumach.Extensions.Localization", "Tlumach.Extensions.Localization\Tlumach.Extensions.Localization.csproj", "{1198C9FF-A542-4C0A-99E9-BDF48F080AB7}"
EndProject
Project("{FAE04EC0-301F-11D3-BF4B-00C04F79EFBC}") = "Tlumach.AspNetCore", "Tlumach.AspNetCore\Tlumach.AspNetCore.csproj", "{936BF7A2-B6FF-459B-AB5B-76A6CB8FFF8E}"
EndProject
Global
	GlobalSection(SolutionConfigurationPlatforms) = preSolution
		Debug|Any CPU = Debug|Any CPU
		Debug|x64 = Debug|x64
		Debug|x86 = Debug|x86
		Release|Any CPU = Release|Any CPU
		Release|x64 = Release|x64
		Release|x86 = Release|x86
	EndGlobalSection
	GlobalSection(ProjectConfigurationPlatforms) = postSolution
		{C23F5B00-B433-413A-A8B1-5E04218CE810}.Debug|Any CPU.ActiveCfg = Debug|Any CPU
		{C23F5B00-B433-413A-A8B1-5E04218CE810}.Debug|Any CPU.Build.0 = Debug|Any CPU
		{C23F5B00-B433-413A-A8B1-5E04218CE810}.Debug|x64.ActiveCfg = Debug|Any CPU
		{C23F5B00-B433-413A-A8B1-5E04218CE810}.Debug|x64.Build.0 = Debug|Any CPU
		{C23F5B00-B433-413A-A8B1-5E04218CE810}.Debug|x86.ActiveCfg = Debug|Any CPU
		{C23F5B00-B433-413A-A8B1-5E04218CE810}.Debug|x86.Build.0 = Debug|Any CPU
		{C23F5B00-B433-413A-A8B1-5E04218CE810}.Release|Any CPU.ActiveCfg = Release|Any CPU
		{C23F5B00-B433-413A-A8B1-5E04218CE810}.Release|Any CPU.Build.0 = Release|Any CPU
		{C23F5B00-B433-413A-A8B1-5E04218CE810}.Release|x64.ActiveCfg = Release|Any CPU
		{C23F5B00-B433-413A-A8B1-5E04218CE810}.Release|x64.Build.0 = Release|Any CPU
		{C23F5B00-B433-413A-A8B1-5E04218CE810}.Release|x86.ActiveCfg = Release|Any CPU
		{C23F5B00-B433-413A-A8B1-5E04218CE810}.Release|x86.Build.0 = Release|Any CPU
		{D28F89BE-2BCE-407E-94F6-3A24D9E8EA3D}.Debug|Any CPU.ActiveCfg = Debug|Any CPU
		{D28F89BE-2BCE-407E-94F6-3A24D9E8EA3D}.Debug|Any CPU.Build.0 = Debug|Any CPU
		{D28F89BE-2BCE-407E-94F6-3A24D9E8EA3D}.Debug|x64.ActiveCfg = Debug|Any CPU
		{D28F89BE-2BCE-407E-94F6-3A24D9E8EA3D}.Debug|x64.Build.0 = Debug|Any CPU
		{D28F89BE-2BCE-407E-94F6-3A24D9E8EA3D}.Debug|x86.ActiveCfg = Debug|Any CPU
		{D28F89BE-2BCE-407E-94F6-3A24D9E8EA3D}.Debug|x86.Build.0 = Debug|Any CPU
		{D28F89BE-2BCE-407E-94F6-3A24D9E8EA3D}.Release|Any CPU.ActiveCfg = Release|Any CPU
		{D28F89BE-2BCE-407E-94F6-3A24D9E8EA3D}.Release|Any CPU.Build.0 = Release|Any CPU
		{D28F89BE-2BCE-407E-94F6-3A24D9E8EA3D}.Release|x64.ActiveCfg = Release|Any CPU
		{D28F89BE-2BCE-407E-94F6-3A24D9E8EA3D}.Release|x64.Build.0 = Release|Any CPU
		{D28F89BE-2BCE-407E-94F6-3A24D9E8EA3D}.Release|x86.ActiveCfg = Release|Any CPU
		{D28F89BE-2BCE-407E-94F6-3A24D9E8EA3D}.Release|x86.Build.0 = Release|Any CPU
		{C91C25CE-D0D4-60FE-8234-18FC07CCB744}.Debug|Any CPU.ActiveCfg = Debug|Any CPU
		{C91C25CE-D0D4-60FE-8234-18FC07CCB744}.Debug|Any CPU.Build.0 = Debug|Any CPU
		{C91C25CE-D0D4-60FE-8234-18FC07CCB744}.Debug|x64.ActiveCfg = Debug|Any CPU
		{C91C25CE-D0D4-60FE-8234-18FC07CCB744}.Debug|x64.Build.0 = Debug|Any CPU
		{C91C25CE-D0D4-60FE-8234-18FC07CCB744}.Debug|x86.ActiveCfg = Debug|Any CPU
		{C91C25CE-D0D4-60FE-8234-18FC07CCB744}.Debug|x86.Build.0 = Debug|Any CPU
		{C91C25CE-D0D4-60FE-8234-18FC07CCB744}.Release|Any CPU.ActiveCfg = Release|Any CPU
		{C91C25CE-D0D4-60FE-8234-18FC07CCB744}.Release|Any CPU.Build.0 = Release|Any CPU
		{C91C25CE-D0D4-60FE-8234-18FC07CCB744}.Release|x64.ActiveCfg = Release|Any CPU
		{C91C25CE-D0D4-60FE-8234-18FC07CCB744}.Release|x64.Build.0 = Release|Any CPU
		{C91C25CE-D0D4-60FE-8234-18FC07CCB744}.Release|x86.ActiveCfg = Release|Any CPU
		{C91C25CE-D0D4-60FE-8234-18FC07CCB744}.Release|x86.Build.0 = Release|Any CPU
		{AAA7444E-38C7-48F5-B1AC-53B1D61F799F}.Debug|Any CPU.ActiveCfg = Debug|Any CPU
		{AAA7444E-38C7-48F5-B1AC-53B1D61F799F}.Debug|Any CPU.Build.0 = Debug|Any CPU
		{AAA7444E-38C7-48F5-B1AC-53B1D61F799F}.Debug|x64.ActiveCfg = Debug|Any CPU
		{AAA7444E-38C7-48F5-B1AC-53B1D61F799F}.Debug|x64.Build.0 = Debug|Any CPU
		{AAA7444E-38C7-48F5-B1AC-53B1D61F799F}.Debug|x86.ActiveCfg = Debug|Any CPU
		{AAA7444E-38C7-48F5-B1AC-53B1D61F799F}.Debug|x86.Build.0 = Debug|Any CPU
		{AAA7444E-38C7-48F5-B1AC-53B1D61F799F}.Release|Any CPU.ActiveCfg = Release|Any CPU
		{AAA7444E-38C7-48F5-B1AC-53B1D61F799F}.Release|Any CPU.Build.0 = Release|Any CPU
		{AAA7444E-38C7-48F5-B1AC-53B1D61F799F}.Release|x64.ActiveCfg = Release|Any CPU
		{AAA7444E-38C7-48F5-B1AC-53B1D61F799F}.Release|x64.Build.0 = Release|Any CPU
		{AAA7444E-38C7-48F5-B1AC-53B1D61F799F}.Release|x86.ActiveCfg = Release|Any CPU
		{AAA7444E-38C7-48F5-B1AC-53B1D61F799F}.Release|x86.Build.0 = Release|Any CPU
		{1198C9FF-A542-4C0A-99E9-BDF48F080AB7}.Debug|Any CPU.ActiveCfg = Debug|Any CPU
		{1198C9FF-A542-4C0A-99E9-BDF48F080AB7}.Debug|Any CPU.Build.0 = Debug|Any CPU
		{1198C9FF-A542-4C0A-99E9-BDF48F080AB7}.Debug|x64.ActiveCfg = Debug|Any CPU
		{1198C9FF-A542-4C0A-99E9-BDF48F080AB7}.Debug|x64.Build.0 = Debug|Any CPU
		{1198C9FF-A542-4C0A-99E9-BDF48F080AB7}.Debug|x86.ActiveCfg = Debug|Any CPU
		{1198C9FF-A542-4C0A-99E9-BDF48F080AB7}.Debug|x86.Build.0 = Debug|Any CPU
		{1198C9FF-A542-4C0A-99E9-BDF48F080AB7}.Release|Any CPU.ActiveCfg = Release|Any CPU
		{1198C9FF-A542-4C0A-99E9-BDF48F080AB7}.Release|Any CPU.Build.0 = Release|Any CPU
		{1198C9FF-A542-4C0A-99E9-BDF48F080AB7}.Release|x64.ActiveCfg = Release|Any CPU
		{1198C9FF-A542-4C0A-99E9-BDF48F080AB7}.Release|x64.Build.0 = Release|Any CPU
		{1198C9FF-A542-4C0A-99E9-BDF48F080AB7}.Release|x86.ActiveCfg = Release|Any CPU
		{1198C9FF-A542-4C0A-99E9-BDF48F080AB7}.Release|x86.Build.0 = Release|Any CPU
		{936BF7A2-B6FF-459B-AB5B-76A6CB8FFF8E}.Debug|Any CPU.ActiveCfg = Debug|Any CPU
		{936BF7A2-B6FF-459B-AB5B-76A6CB8FFF8E}.Debug|Any CPU.Build.0 = Debug|Any CPU
		{936BF7A2-B6FF-459B-AB5B-76A6CB8FFF8E}.Debug|x64.ActiveCfg = Debug|Any CPU
		{936BF7A2-B6FF-459B-AB5B-76A6CB8FFF8E}.Debug|x64.Build.0 = Debug|Any CPU
		{936BF7A2-B6FF-459B-AB5B-76A6CB8FFF8E}.Debug|x86.ActiveCfg = Debug|Any CPU
		{936BF7A2-B6FF-459B-AB5B-76A6CB8FFF8E}.Debug|x86.Build.0 = Debug|Any CPU
		{936BF7A2-B6FF-459B-AB5B-76A6CB8FFF8E}.Release|Any CPU.ActiveCfg = Release|Any CPU
		{936BF7A2-B6FF-459B-AB5B-76A6CB8FFF8E}.Release|Any CPU.Build.0 = Release|Any CPU
		{936BF7A2-B6FF-459B-AB5B-76A6CB8FFF8E}.Release|x64.ActiveCfg = Release|Any CPU
		{936BF7A2-B6FF-459B-AB5B-76A6CB8FFF8E}.Release|x64.Build.0 = Release|Any CPU
		{936BF7A2-B6FF-459B-AB5B-76A6CB8FFF8E}.Release|x86.ActiveCfg = Release|Any CPU
		{936BF7A2-B6FF-459B-AB5B-76A6CB8FFF8E}.Release|x86.Build.0 = Release|Any CPU
	EndGlobalSection
	GlobalSection(SolutionProperties) = preSolution
		HideSolutionNode = FALSE
	EndGlobalSection
	GlobalSection(ExtensibilityGlobals) = postSolution
		SolutionGuid = {AA3A6558-7AE2-4AFF-9F86-62D942CBFF87}
	EndGlobalSection
EndGlobal
